
Microsoft Visual Studio Solution File, Format Version 12.00
# Visual Studio 15
VisualStudioVersion = 15.0.26730.12
MinimumVisualStudioVersion = 10.0.40219.1
Project("{FAE04EC0-301F-11D3-BF4B-00C04F79EFBC}") = "QuartzNetCore.RemoteServer", "QuartzNetCore.RemoteServer\QuartzNetCore.RemoteServer.csproj", "{D57F50AD-22B0-44A7-AC15-BDA69285C921}"
EndProject
Global
	GlobalSection(SolutionConfigurationPlatforms) = preSolution
		Debug|Any CPU = Debug|Any CPU
		Release|Any CPU = Release|Any CPU
	EndGlobalSection
	GlobalSection(ProjectConfigurationPlatforms) = postSolution
		{D57F50AD-22B0-44A7-AC15-BDA69285C921}.Debug|Any CPU.ActiveCfg = Debug|Any CPU
		{D57F50AD-22B0-44A7-AC15-BDA69285C921}.Debug|Any CPU.Build.0 = Debug|Any CPU
		{D57F50AD-22B0-44A7-AC15-BDA69285C921}.Release|Any CPU.ActiveCfg = Release|Any CPU
		{D57F50AD-22B0-44A7-AC15-BDA69285C921}.Release|Any CPU.Build.0 = Release|Any CPU
	EndGlobalSection
	GlobalSection(SolutionProperties) = preSolution
		HideSolutionNode = FALSE
	EndGlobalSection
	GlobalSection(ExtensibilityGlobals) = postSolution
		SolutionGuid = {5E10CE92-7ACA-4DFD-9FC6-51D8D9E6E1C0}
	EndGlobalSection
EndGlobal
