
Microsoft Visual Studio Solution File, Format Version 12.00
# Visual Studio 15
VisualStudioVersion = 15.0.26730.12
MinimumVisualStudioVersion = 10.0.40219.1
Project("{9A19103F-16F7-4668-BE54-9A1E7A4F7556}") = "QuartzNetCore.RemoteServer", "QuartzNetCore.RemoteServer\QuartzNetCore.RemoteServer.csproj", "{D57F50AD-22B0-44A7-AC15-BDA69285C921}"
EndProject
Project("{9A19103F-16F7-4668-BE54-9A1E7A4F7556}") = "QuartzNetCore.EFModel_SqlServer", "QuartzNetCore.EFModel_SqlServer\QuartzNetCore.EFModel_SqlServer.csproj", "{F952413A-9E2E-45FA-B2AF-05E4146BE900}"
EndProject
Project("{FAE04EC0-301F-11D3-BF4B-00C04F79EFBC}") = "QuartzNetCore.IRepository", "QuartzNetCore.IRepository\QuartzNetCore.IRepository.csproj", "{A7C2A677-DF0F-49F7-B8EC-2C19BF5E74D5}"
EndProject
Project("{FAE04EC0-301F-11D3-BF4B-00C04F79EFBC}") = "QuartzNetCore.Repository", "QuartzNetCore.Repository\QuartzNetCore.Repository.csproj", "{7C86BA0C-9F98-459B-BF80-0BF9782AD41C}"
EndProject
Project("{FAE04EC0-301F-11D3-BF4B-00C04F79EFBC}") = "QuartzNetCore.Web", "QuartzNetCore.Web\QuartzNetCore.Web.csproj", "{72040321-0A38-4AE1-9404-477CBFC29AE1}"
EndProject
Project("{FAE04EC0-301F-11D3-BF4B-00C04F79EFBC}") = "QuartzNetCore.JobBase", "QuartzNetCore.JobBase\QuartzNetCore.JobBase.csproj", "{49E6D6F3-D360-4527-B80E-4865B4B37880}"
EndProject
Global
	GlobalSection(SolutionConfigurationPlatforms) = preSolution
		Debug|Any CPU = Debug|Any CPU
		Release|Any CPU = Release|Any CPU
	EndGlobalSection
	GlobalSection(ProjectConfigurationPlatforms) = postSolution
		{D57F50AD-22B0-44A7-AC15-BDA69285C921}.Debug|Any CPU.ActiveCfg = Debug|Any CPU
		{D57F50AD-22B0-44A7-AC15-BDA69285C921}.Debug|Any CPU.Build.0 = Debug|Any CPU
		{D57F50AD-22B0-44A7-AC15-BDA69285C921}.Release|Any CPU.ActiveCfg = Release|Any CPU
		{D57F50AD-22B0-44A7-AC15-BDA69285C921}.Release|Any CPU.Build.0 = Release|Any CPU
		{F952413A-9E2E-45FA-B2AF-05E4146BE900}.Debug|Any CPU.ActiveCfg = Debug|Any CPU
		{F952413A-9E2E-45FA-B2AF-05E4146BE900}.Debug|Any CPU.Build.0 = Debug|Any CPU
		{F952413A-9E2E-45FA-B2AF-05E4146BE900}.Release|Any CPU.ActiveCfg = Release|Any CPU
		{F952413A-9E2E-45FA-B2AF-05E4146BE900}.Release|Any CPU.Build.0 = Release|Any CPU
		{A7C2A677-DF0F-49F7-B8EC-2C19BF5E74D5}.Debug|Any CPU.ActiveCfg = Debug|Any CPU
		{A7C2A677-DF0F-49F7-B8EC-2C19BF5E74D5}.Debug|Any CPU.Build.0 = Debug|Any CPU
		{A7C2A677-DF0F-49F7-B8EC-2C19BF5E74D5}.Release|Any CPU.ActiveCfg = Release|Any CPU
		{A7C2A677-DF0F-49F7-B8EC-2C19BF5E74D5}.Release|Any CPU.Build.0 = Release|Any CPU
		{7C86BA0C-9F98-459B-BF80-0BF9782AD41C}.Debug|Any CPU.ActiveCfg = Debug|Any CPU
		{7C86BA0C-9F98-459B-BF80-0BF9782AD41C}.Debug|Any CPU.Build.0 = Debug|Any CPU
		{7C86BA0C-9F98-459B-BF80-0BF9782AD41C}.Release|Any CPU.ActiveCfg = Release|Any CPU
		{7C86BA0C-9F98-459B-BF80-0BF9782AD41C}.Release|Any CPU.Build.0 = Release|Any CPU
		{72040321-0A38-4AE1-9404-477CBFC29AE1}.Debug|Any CPU.ActiveCfg = Debug|Any CPU
		{72040321-0A38-4AE1-9404-477CBFC29AE1}.Debug|Any CPU.Build.0 = Debug|Any CPU
		{72040321-0A38-4AE1-9404-477CBFC29AE1}.Release|Any CPU.ActiveCfg = Release|Any CPU
		{72040321-0A38-4AE1-9404-477CBFC29AE1}.Release|Any CPU.Build.0 = Release|Any CPU
		{49E6D6F3-D360-4527-B80E-4865B4B37880}.Debug|Any CPU.ActiveCfg = Debug|Any CPU
		{49E6D6F3-D360-4527-B80E-4865B4B37880}.Debug|Any CPU.Build.0 = Debug|Any CPU
		{49E6D6F3-D360-4527-B80E-4865B4B37880}.Release|Any CPU.ActiveCfg = Release|Any CPU
		{49E6D6F3-D360-4527-B80E-4865B4B37880}.Release|Any CPU.Build.0 = Release|Any CPU
	EndGlobalSection
	GlobalSection(SolutionProperties) = preSolution
		HideSolutionNode = FALSE
	EndGlobalSection
	GlobalSection(ExtensibilityGlobals) = postSolution
		SolutionGuid = {5E10CE92-7ACA-4DFD-9FC6-51D8D9E6E1C0}
	EndGlobalSection
EndGlobal
